
Microsoft Visual Studio Solution File, Format Version 12.00
# Visual Studio 15
VisualStudioVersion = 15.0.27703.2000
MinimumVisualStudioVersion = 10.0.40219.1
Project("{FAE04EC0-301F-11D3-BF4B-00C04F79EFBC}") = "QuinBinAPI", "QuinBinAPI\QuinBinAPI.csproj", "{27F86555-B1E4-4187-AA03-A91B0D6ED2DA}"
EndProject
Global
	GlobalSection(SolutionConfigurationPlatforms) = preSolution
		Debug|Any CPU = Debug|Any CPU
		Release|Any CPU = Release|Any CPU
	EndGlobalSection
	GlobalSection(ProjectConfigurationPlatforms) = postSolution
		{27F86555-B1E4-4187-AA03-A91B0D6ED2DA}.Debug|Any CPU.ActiveCfg = Debug|Any CPU
		{27F86555-B1E4-4187-AA03-A91B0D6ED2DA}.Debug|Any CPU.Build.0 = Debug|Any CPU
		{27F86555-B1E4-4187-AA03-A91B0D6ED2DA}.Release|Any CPU.ActiveCfg = Release|Any CPU
		{27F86555-B1E4-4187-AA03-A91B0D6ED2DA}.Release|Any CPU.Build.0 = Release|Any CPU
	EndGlobalSection
	GlobalSection(SolutionProperties) = preSolution
		HideSolutionNode = FALSE
	EndGlobalSection
	GlobalSection(ExtensibilityGlobals) = postSolution
		SolutionGuid = {2383DF5A-9760-4859-AC48-7C8CE28FE1E0}
	EndGlobalSection
EndGlobal
